
Microsoft Visual Studio Solution File, Format Version 12.00
# Visual Studio Version 17
VisualStudioVersion = 17.12.35309.182
MinimumVisualStudioVersion = 10.0.40219.1
Project("{FAE04EC0-301F-11D3-BF4B-00C04F79EFBC}") = "XamlIslands9.Uwp", "XamlIslands9.Uwp\XamlIslands9.Uwp.csproj", "{9FA948A4-0F7A-44F9-A1F8-EF97440FA65F}"
EndProject
Project("{C7167F0D-BC9F-4E6E-AFE1-012C56B48DB5}") = "XamlIslands9.Package", "XamlIslands9.Package\XamlIslands9.Package.wapproj", "{5D4101DE-78DD-475A-86D5-5FEB412C3D04}"
EndProject
Project("{FAE04EC0-301F-11D3-BF4B-00C04F79EFBC}") = "XamlIslands9.Wpf", "XamlIslands9.Wpf\XamlIslands9.Wpf.csproj", "{E48CC2ED-20B7-4897-A551-B877636485D9}"
EndProject
Project("{FAE04EC0-301F-11D3-BF4B-00C04F79EFBC}") = "Microsoft.Toolkit.Win32.UI.XamlHost.Projection", "Microsoft.Toolkit.Win32.UI.XamlHost.Projection\Microsoft.Toolkit.Win32.UI.XamlHost.Projection.csproj", "{37A12D6A-6EC0-415C-9239-BAB7F177CC60}"
EndProject
Project("{8BC9CEB8-8B4A-11D0-8D11-00A0C91BC942}") = "Microsoft.Toolkit.Win32.UI.XamlHost", "Microsoft.Toolkit.Win32.UI.XamlApplication\Microsoft.Toolkit.Win32.UI.XamlApplication.vcxproj", "{015A0047-772D-4F1A-88C9-45C18F0ADFB6}"
EndProject
Project("{FAE04EC0-301F-11D3-BF4B-00C04F79EFBC}") = "Microsoft.Toolkit.Wpf.UI.XamlHost", "Microsoft.Toolkit.Wpf.UI.XamlHost\Microsoft.Toolkit.Wpf.UI.XamlHost.csproj", "{8BDDF487-7E35-4AC2-B6B5-B6A9E66E0B6C}"
EndProject
Project("{FAE04EC0-301F-11D3-BF4B-00C04F79EFBC}") = "Microsoft.Toolkit.Win32.UI.XamlHost.Managed", "Microsoft.Toolkit.Win32.UI.XamlHost\Microsoft.Toolkit.Win32.UI.XamlHost.Managed.csproj", "{BA3C6C64-A4B1-413E-8BE4-937FAB459F86}"
EndProject
Global
	GlobalSection(SolutionConfigurationPlatforms) = preSolution
		Debug|ARM64 = Debug|ARM64
		Debug|x64 = Debug|x64
		Release|ARM64 = Release|ARM64
		Release|x64 = Release|x64
	EndGlobalSection
	GlobalSection(ProjectConfigurationPlatforms) = postSolution
		{9FA948A4-0F7A-44F9-A1F8-EF97440FA65F}.Debug|ARM64.ActiveCfg = Debug|ARM64
		{9FA948A4-0F7A-44F9-A1F8-EF97440FA65F}.Debug|ARM64.Build.0 = Debug|ARM64
		{9FA948A4-0F7A-44F9-A1F8-EF97440FA65F}.Debug|x64.ActiveCfg = Debug|x64
		{9FA948A4-0F7A-44F9-A1F8-EF97440FA65F}.Debug|x64.Build.0 = Debug|x64
		{9FA948A4-0F7A-44F9-A1F8-EF97440FA65F}.Release|ARM64.ActiveCfg = Release|ARM64
		{9FA948A4-0F7A-44F9-A1F8-EF97440FA65F}.Release|ARM64.Build.0 = Release|ARM64
		{9FA948A4-0F7A-44F9-A1F8-EF97440FA65F}.Release|x64.ActiveCfg = Release|x64
		{9FA948A4-0F7A-44F9-A1F8-EF97440FA65F}.Release|x64.Build.0 = Release|x64
		{5D4101DE-78DD-475A-86D5-5FEB412C3D04}.Debug|ARM64.ActiveCfg = Debug|ARM64
		{5D4101DE-78DD-475A-86D5-5FEB412C3D04}.Debug|ARM64.Build.0 = Debug|ARM64
		{5D4101DE-78DD-475A-86D5-5FEB412C3D04}.Debug|ARM64.Deploy.0 = Debug|ARM64
		{5D4101DE-78DD-475A-86D5-5FEB412C3D04}.Debug|x64.ActiveCfg = Debug|x64
		{5D4101DE-78DD-475A-86D5-5FEB412C3D04}.Debug|x64.Build.0 = Debug|x64
		{5D4101DE-78DD-475A-86D5-5FEB412C3D04}.Debug|x64.Deploy.0 = Debug|x64
		{5D4101DE-78DD-475A-86D5-5FEB412C3D04}.Release|ARM64.ActiveCfg = Release|ARM64
		{5D4101DE-78DD-475A-86D5-5FEB412C3D04}.Release|ARM64.Build.0 = Release|ARM64
		{5D4101DE-78DD-475A-86D5-5FEB412C3D04}.Release|ARM64.Deploy.0 = Release|ARM64
		{5D4101DE-78DD-475A-86D5-5FEB412C3D04}.Release|x64.ActiveCfg = Release|x64
		{5D4101DE-78DD-475A-86D5-5FEB412C3D04}.Release|x64.Build.0 = Release|x64
		{5D4101DE-78DD-475A-86D5-5FEB412C3D04}.Release|x64.Deploy.0 = Release|x64
		{E48CC2ED-20B7-4897-A551-B877636485D9}.Debug|ARM64.ActiveCfg = Debug|ARM64
		{E48CC2ED-20B7-4897-A551-B877636485D9}.Debug|ARM64.Build.0 = Debug|ARM64
		{E48CC2ED-20B7-4897-A551-B877636485D9}.Debug|x64.ActiveCfg = Debug|x64
		{E48CC2ED-20B7-4897-A551-B877636485D9}.Debug|x64.Build.0 = Debug|x64
		{E48CC2ED-20B7-4897-A551-B877636485D9}.Release|ARM64.ActiveCfg = Release|ARM64
		{E48CC2ED-20B7-4897-A551-B877636485D9}.Release|ARM64.Build.0 = Release|ARM64
		{E48CC2ED-20B7-4897-A551-B877636485D9}.Release|x64.ActiveCfg = Release|x64
		{E48CC2ED-20B7-4897-A551-B877636485D9}.Release|x64.Build.0 = Release|x64
		{37A12D6A-6EC0-415C-9239-BAB7F177CC60}.Debug|ARM64.ActiveCfg = Debug|ARM64
		{37A12D6A-6EC0-415C-9239-BAB7F177CC60}.Debug|ARM64.Build.0 = Debug|ARM64
		{37A12D6A-6EC0-415C-9239-BAB7F177CC60}.Debug|x64.ActiveCfg = Debug|x64
		{37A12D6A-6EC0-415C-9239-BAB7F177CC60}.Debug|x64.Build.0 = Debug|x64
		{37A12D6A-6EC0-415C-9239-BAB7F177CC60}.Release|ARM64.ActiveCfg = Release|ARM64
		{37A12D6A-6EC0-415C-9239-BAB7F177CC60}.Release|ARM64.Build.0 = Release|ARM64
		{37A12D6A-6EC0-415C-9239-BAB7F177CC60}.Release|x64.ActiveCfg = Release|x64
		{37A12D6A-6EC0-415C-9239-BAB7F177CC60}.Release|x64.Build.0 = Release|x64
		{015A0047-772D-4F1A-88C9-45C18F0ADFB6}.Debug|ARM64.ActiveCfg = Debug|ARM64
		{015A0047-772D-4F1A-88C9-45C18F0ADFB6}.Debug|ARM64.Build.0 = Debug|ARM64
		{015A0047-772D-4F1A-88C9-45C18F0ADFB6}.Debug|x64.ActiveCfg = Debug|x64
		{015A0047-772D-4F1A-88C9-45C18F0ADFB6}.Debug|x64.Build.0 = Debug|x64
		{015A0047-772D-4F1A-88C9-45C18F0ADFB6}.Release|ARM64.ActiveCfg = Release|ARM64
		{015A0047-772D-4F1A-88C9-45C18F0ADFB6}.Release|ARM64.Build.0 = Release|ARM64
		{015A0047-772D-4F1A-88C9-45C18F0ADFB6}.Release|x64.ActiveCfg = Release|x64
		{015A0047-772D-4F1A-88C9-45C18F0ADFB6}.Release|x64.Build.0 = Release|x64
		{8BDDF487-7E35-4AC2-B6B5-B6A9E66E0B6C}.Debug|ARM64.ActiveCfg = Debug|ARM64
		{8BDDF487-7E35-4AC2-B6B5-B6A9E66E0B6C}.Debug|ARM64.Build.0 = Debug|ARM64
		{8BDDF487-7E35-4AC2-B6B5-B6A9E66E0B6C}.Debug|x64.ActiveCfg = Debug|x64
		{8BDDF487-7E35-4AC2-B6B5-B6A9E66E0B6C}.Debug|x64.Build.0 = Debug|x64
		{8BDDF487-7E35-4AC2-B6B5-B6A9E66E0B6C}.Release|ARM64.ActiveCfg = Release|ARM64
		{8BDDF487-7E35-4AC2-B6B5-B6A9E66E0B6C}.Release|ARM64.Build.0 = Release|ARM64
		{8BDDF487-7E35-4AC2-B6B5-B6A9E66E0B6C}.Release|x64.ActiveCfg = Release|x64
		{8BDDF487-7E35-4AC2-B6B5-B6A9E66E0B6C}.Release|x64.Build.0 = Release|x64
		{BA3C6C64-A4B1-413E-8BE4-937FAB459F86}.Debug|ARM64.ActiveCfg = Debug|ARM64
		{BA3C6C64-A4B1-413E-8BE4-937FAB459F86}.Debug|ARM64.Build.0 = Debug|ARM64
		{BA3C6C64-A4B1-413E-8BE4-937FAB459F86}.Debug|x64.ActiveCfg = Debug|x64
		{BA3C6C64-A4B1-413E-8BE4-937FAB459F86}.Debug|x64.Build.0 = Debug|x64
		{BA3C6C64-A4B1-413E-8BE4-937FAB459F86}.Release|ARM64.ActiveCfg = Release|ARM64
		{BA3C6C64-A4B1-413E-8BE4-937FAB459F86}.Release|ARM64.Build.0 = Release|ARM64
		{BA3C6C64-A4B1-413E-8BE4-937FAB459F86}.Release|x64.ActiveCfg = Release|x64
		{BA3C6C64-A4B1-413E-8BE4-937FAB459F86}.Release|x64.Build.0 = Release|x64
	EndGlobalSection
	GlobalSection(SolutionProperties) = preSolution
		HideSolutionNode = FALSE
	EndGlobalSection
	GlobalSection(ExtensibilityGlobals) = postSolution
		SolutionGuid = {CB2713D9-21B1-46BC-90C8-BECFBDD080CB}
	EndGlobalSection
EndGlobal
